// !$*UTF8*$!
{
	archiveVersion = 1;
	classes = {
	};
	objectVersion = 50;
	objects = {

/* Begin PBXBuildFile section */
		F7E7483425049ABF0094B750 /* AppDelegate.swift in Sources */ = {isa = PBXBuildFile; fileRef = F7E7483325049ABF0094B750 /* AppDelegate.swift */; };
		F7E7483625049ABF0094B750 /* SceneDelegate.swift in Sources */ = {isa = PBXBuildFile; fileRef = F7E7483525049ABF0094B750 /* SceneDelegate.swift */; };
		F7E7483825049ABF0094B750 /* ViewController.swift in Sources */ = {isa = PBXBuildFile; fileRef = F7E7483725049ABF0094B750 /* ViewController.swift */; };
		F7E7483B25049ABF0094B750 /* Main.storyboard in Resources */ = {isa = PBXBuildFile; fileRef = F7E7483925049ABF0094B750 /* Main.storyboard */; };
		F7E7483D25049AC30094B750 /* Assets.xcassets in Resources */ = {isa = PBXBuildFile; fileRef = F7E7483C25049AC30094B750 /* Assets.xcassets */; };
		F7E7484025049AC30094B750 /* LaunchScreen.storyboard in Resources */ = {isa = PBXBuildFile; fileRef = F7E7483E25049AC30094B750 /* LaunchScreen.storyboard */; };
		F7E7484825049E3F0094B750 /* TableViewController.swift in Sources */ = {isa = PBXBuildFile; fileRef = F7E7484725049E3F0094B750 /* TableViewController.swift */; };
		F7E7484A2504AB630094B750 /* addListViewController.swift in Sources */ = {isa = PBXBuildFile; fileRef = F7E748492504AB630094B750 /* addListViewController.swift */; };
/* End PBXBuildFile section */

/* Begin PBXFileReference section */
		F7E7483025049ABF0094B750 /* tableViewApp.app */ = {isa = PBXFileReference; explicitFileType = wrapper.application; includeInIndex = 0; path = tableViewApp.app; sourceTree = BUILT_PRODUCTS_DIR; };
		F7E7483325049ABF0094B750 /* AppDelegate.swift */ = {isa = PBXFileReference; lastKnownFileType = sourcecode.swift; path = AppDelegate.swift; sourceTree = "<group>"; };
		F7E7483525049ABF0094B750 /* SceneDelegate.swift */ = {isa = PBXFileReference; lastKnownFileType = sourcecode.swift; path = SceneDelegate.swift; sourceTree = "<group>"; };
		F7E7483725049ABF0094B750 /* ViewController.swift */ = {isa = PBXFileReference; lastKnownFileType = sourcecode.swift; path = ViewController.swift; sourceTree = "<group>"; };
		F7E7483A25049ABF0094B750 /* Base */ = {isa = PBXFileReference; lastKnownFileType = file.storyboard; name = Base; path = Base.lproj/Main.storyboard; sourceTree = "<group>"; };
		F7E7483C25049AC30094B750 /* Assets.xcassets */ = {isa = PBXFileReference; lastKnownFileType = folder.assetcatalog; path = Assets.xcassets; sourceTree = "<group>"; };
		F7E7483F25049AC30094B750 /* Base */ = {isa = PBXFileReference; lastKnownFileType = file.storyboard; name = Base; path = Base.lproj/LaunchScreen.storyboard; sourceTree = "<group>"; };
		F7E7484125049AC30094B750 /* Info.plist */ = {isa = PBXFileReference; lastKnownFileType = text.plist.xml; path = Info.plist; sourceTree = "<group>"; };
		F7E7484725049E3F0094B750 /* TableViewController.swift */ = {isa = PBXFileReference; lastKnownFileType = sourcecode.swift; path = TableViewController.swift; sourceTree = "<group>"; };
		F7E748492504AB630094B750 /* addListViewController.swift */ = {isa = PBXFileReference; lastKnownFileType = sourcecode.swift; path = addListViewController.swift; sourceTree = "<group>"; };
/* End PBXFileReference section */

/* Begin PBXFrameworksBuildPhase section */
		F7E7482D25049ABF0094B750 /* Frameworks */ = {
			isa = PBXFrameworksBuildPhase;
			buildActionMask = 2147483647;
			files = (
			);
			runOnlyForDeploymentPostprocessing = 0;
		};
/* End PBXFrameworksBuildPhase section */

/* Begin PBXGroup section */
		F7E7482725049ABF0094B750 = {
			isa = PBXGroup;
			children = (
				F7E7483225049ABF0094B750 /* tableViewApp */,
				F7E7483125049ABF0094B750 /* Products */,
			);
			sourceTree = "<group>";
		};
		F7E7483125049ABF0094B750 /* Products */ = {
			isa = PBXGroup;
			children = (
				F7E7483025049ABF0094B750 /* tableViewApp.app */,
			);
			name = Products;
			sourceTree = "<group>";
		};
		F7E7483225049ABF0094B750 /* tableViewApp */ = {
			isa = PBXGroup;
			children = (
				F7E7483325049ABF0094B750 /* AppDelegate.swift */,
				F7E7483525049ABF0094B750 /* SceneDelegate.swift */,
				F7E7483725049ABF0094B750 /* ViewController.swift */,
				F7E7484725049E3F0094B750 /* TableViewController.swift */,
				F7E748492504AB630094B750 /* addListViewController.swift */,
				F7E7483925049ABF0094B750 /* Main.storyboard */,
				F7E7483C25049AC30094B750 /* Assets.xcassets */,
				F7E7483E25049AC30094B750 /* LaunchScreen.storyboard */,
				F7E7484125049AC30094B750 /* Info.plist */,
			);
			path = tableViewApp;
			sourceTree = "<group>";
		};
/* End PBXGroup section */

/* Begin PBXNativeTarget section */
		F7E7482F25049ABF0094B750 /* tableViewApp */ = {
			isa = PBXNativeTarget;
			buildConfigurationList = F7E7484425049AC30094B750 /* Build configuration list for PBXNativeTarget "tableViewApp" */;
			buildPhases = (
				F7E7482C25049ABF0094B750 /* Sources */,
				F7E7482D25049ABF0094B750 /* Frameworks */,
				F7E7482E25049ABF0094B750 /* Resources */,
			);
			buildRules = (
			);
			dependencies = (
			);
			name = tableViewApp;
			productName = tableViewApp;
			productReference = F7E7483025049ABF0094B750 /* tableViewApp.app */;
			productType = "com.apple.product-type.application";
		};
/* End PBXNativeTarget section */

/* Begin PBXProject section */
		F7E7482825049ABF0094B750 /* Project object */ = {
			isa = PBXProject;
			attributes = {
				LastSwiftUpdateCheck = 1170;
				LastUpgradeCheck = 1170;
				ORGANIZATIONNAME = kaneko.com;
				TargetAttributes = {
					F7E7482F25049ABF0094B750 = {
						CreatedOnToolsVersion = 11.7;
					};
				};
			};
			buildConfigurationList = F7E7482B25049ABF0094B750 /* Build configuration list for PBXProject "tableViewApp" */;
			compatibilityVersion = "Xcode 9.3";
			developmentRegion = en;
			hasScannedForEncodings = 0;
			knownRegions = (
				en,
				Base,
			);
			mainGroup = F7E7482725049ABF0094B750;
			productRefGroup = F7E7483125049ABF0094B750 /* Products */;
			projectDirPath = "";
			projectRoot = "";
			targets = (
				F7E7482F25049ABF0094B750 /* tableViewApp */,
			);
		};
/* End PBXProject section */

/* Begin PBXResourcesBuildPhase section */
		F7E7482E25049ABF0094B750 /* Resources */ = {
			isa = PBXResourcesBuildPhase;
			buildActionMask = 2147483647;
			files = (
				F7E7484025049AC30094B750 /* LaunchScreen.storyboard in Resources */,
				F7E7483D25049AC30094B750 /* Assets.xcassets in Resources */,
				F7E7483B25049ABF0094B750 /* Main.storyboard in Resources */,
			);
			runOnlyForDeploymentPostprocessing = 0;
		};
/* End PBXResourcesBuildPhase section */

/* Begin PBXSourcesBuildPhase section */
		F7E7482C25049ABF0094B750 /* Sources */ = {
			isa = PBXSourcesBuildPhase;
			buildActionMask = 2147483647;
			files = (
				F7E7483825049ABF0094B750 /* ViewController.swift in Sources */,
				F7E7483425049ABF0094B750 /* AppDelegate.swift in Sources */,
				F7E7484A2504AB630094B750 /* addListViewController.swift in Sources */,
				F7E7483625049ABF0094B750 /* SceneDelegate.swift in Sources */,
				F7E7484825049E3F0094B750 /* TableViewController.swift in Sources */,
			);
			runOnlyForDeploymentPostprocessing = 0;
		};
/* End PBXSourcesBuildPhase section */

/* Begin PBXVariantGroup section */
		F7E7483925049ABF0094B750 /* Main.storyboard */ = {
			isa = PBXVariantGroup;
			children = (
				F7E7483A25049ABF0094B750 /* Base */,
			);
			name = Main.storyboard;
			sourceTree = "<group>";
		};
		F7E7483E25049AC30094B750 /* LaunchScreen.storyboard */ = {
			isa = PBXVariantGroup;
			children = (
				F7E7483F25049AC30094B750 /* Base */,
			);
			name = LaunchScreen.storyboard;
			sourceTree = "<group>";
		};
/* End PBXVariantGroup section */

/* Begin XCBuildConfiguration section */
		F7E7484225049AC30094B750 /* Debug */ = {
			isa = XCBuildConfiguration;
			buildSettings = {
				ALWAYS_SEARCH_USER_PATHS = NO;
				CLANG_ANALYZER_NONNULL = YES;
				CLANG_ANALYZER_NUMBER_OBJECT_CONVERSION = YES_AGGRESSIVE;
				CLANG_CXX_LANGUAGE_STANDARD = "gnu++14";
				CLANG_CXX_LIBRARY = "libc++";
				CLANG_ENABLE_MODULES = YES;
				CLANG_ENABLE_OBJC_ARC = YES;
				CLANG_ENABLE_OBJC_WEAK = YES;
				CLANG_WARN_BLOCK_CAPTURE_AUTORELEASING = YES;
				CLANG_WARN_BOOL_CONVERSION = YES;
				CLANG_WARN_COMMA = YES;
				CLANG_WARN_CONSTANT_CONVERSION = YES;
				CLANG_WARN_DEPRECATED_OBJC_IMPLEMENTATIONS = YES;
				CLANG_WARN_DIRECT_OBJC_ISA_USAGE = YES_ERROR;
				CLANG_WARN_DOCUMENTATION_COMMENTS = YES;
				CLANG_WARN_EMPTY_BODY = YES;
				CLANG_WARN_ENUM_CONVERSION = YES;
				CLANG_WARN_INFINITE_RECURSION = YES;
				CLANG_WARN_INT_CONVERSION = YES;
				CLANG_WARN_NON_LITERAL_NULL_CONVERSION = YES;
				CLANG_WARN_OBJC_IMPLICIT_RETAIN_SELF = YES;
				CLANG_WARN_OBJC_LITERAL_CONVERSION = YES;
				CLANG_WARN_OBJC_ROOT_CLASS = YES_ERROR;
				CLANG_WARN_RANGE_LOOP_ANALYSIS = YES;
				CLANG_WARN_STRICT_PROTOTYPES = YES;
				CLANG_WARN_SUSPICIOUS_MOVE = YES;
				CLANG_WARN_UNGUARDED_AVAILABILITY = YES_AGGRESSIVE;
				CLANG_WARN_UNREACHABLE_CODE = YES;
				CLANG_WARN__DUPLICATE_METHOD_MATCH = YES;
				COPY_PHASE_STRIP = NO;
				DEBUG_INFORMATION_FORMAT = dwarf;
				ENABLE_STRICT_OBJC_MSGSEND = YES;
				ENABLE_TESTABILITY = YES;
				GCC_C_LANGUAGE_STANDARD = gnu11;
				GCC_DYNAMIC_NO_PIC = NO;
				GCC_NO_COMMON_BLOCKS = YES;
				GCC_OPTIMIZATION_LEVEL = 0;
				GCC_PREPROCESSOR_DEFINITIONS = (
					"DEBUG=1",
					"$(inherited)",
				);
				GCC_WARN_64_TO_32_BIT_CONVERSION = YES;
				GCC_WARN_ABOUT_RETURN_TYPE = YES_ERROR;
				GCC_WARN_UNDECLARED_SELECTOR = YES;
				GCC_WARN_UNINITIALIZED_AUTOS = YES_AGGRESSIVE;
				GCC_WARN_UNUSED_FUNCTION = YES;
				GCC_WARN_UNUSED_VARIABLE = YES;
				IPHONEOS_DEPLOYMENT_TARGET = 13.7;
				MTL_ENABLE_DEBUG_INFO = INCLUDE_SOURCE;
				MTL_FAST_MATH = YES;
				ONLY_ACTIVE_ARCH = YES;
				SDKROOT = iphoneos;
				SWIFT_ACTIVE_COMPILATION_CONDITIONS = DEBUG;
				SWIFT_OPTIMIZATION_LEVEL = "-Onone";
			};
			name = Debug;
		};
		F7E7484325049AC30094B750 /* Release */ = {
			isa = XCBuildConfiguration;
			buildSettings = {
				ALWAYS_SEARCH_USER_PATHS = NO;
				CLANG_ANALYZER_NONNULL = YES;
				CLANG_ANALYZER_NUMBER_OBJECT_CONVERSION = YES_AGGRESSIVE;
				CLANG_CXX_LANGUAGE_STANDARD = "gnu++14";
				CLANG_CXX_LIBRARY = "libc++";
				CLANG_ENABLE_MODULES = YES;
				CLANG_ENABLE_OBJC_ARC = YES;
				CLANG_ENABLE_OBJC_WEAK = YES;
				CLANG_WARN_BLOCK_CAPTURE_AUTORELEASING = YES;
				CLANG_WARN_BOOL_CONVERSION = YES;
				CLANG_WARN_COMMA = YES;
				CLANG_WARN_CONSTANT_CONVERSION = YES;
				CLANG_WARN_DEPRECATED_OBJC_IMPLEMENTATIONS = YES;
				CLANG_WARN_DIRECT_OBJC_ISA_USAGE = YES_ERROR;
				CLANG_WARN_DOCUMENTATION_COMMENTS = YES;
				CLANG_WARN_EMPTY_BODY = YES;
				CLANG_WARN_ENUM_CONVERSION = YES;
				CLANG_WARN_INFINITE_RECURSION = YES;
				CLANG_WARN_INT_CONVERSION = YES;
				CLANG_WARN_NON_LITERAL_NULL_CONVERSION = YES;
				CLANG_WARN_OBJC_IMPLICIT_RETAIN_SELF = YES;
				CLANG_WARN_OBJC_LITERAL_CONVERSION = YES;
				CLANG_WARN_OBJC_ROOT_CLASS = YES_ERROR;
				CLANG_WARN_RANGE_LOOP_ANALYSIS = YES;
				CLANG_WARN_STRICT_PROTOTYPES = YES;
				CLANG_WARN_SUSPICIOUS_MOVE = YES;
				CLANG_WARN_UNGUARDED_AVAILABILITY = YES_AGGRESSIVE;
				CLANG_WARN_UNREACHABLE_CODE = YES;
				CLANG_WARN__DUPLICATE_METHOD_MATCH = YES;
				COPY_PHASE_STRIP = NO;
				DEBUG_INFORMATION_FORMAT = "dwarf-with-dsym";
				ENABLE_NS_ASSERTIONS = NO;
				ENABLE_STRICT_OBJC_MSGSEND = YES;
				GCC_C_LANGUAGE_STANDARD = gnu11;
				GCC_NO_COMMON_BLOCKS = YES;
				GCC_WARN_64_TO_32_BIT_CONVERSION = YES;
				GCC_WARN_ABOUT_RETURN_TYPE = YES_ERROR;
				GCC_WARN_UNDECLARED_SELECTOR = YES;
				GCC_WARN_UNINITIALIZED_AUTOS = YES_AGGRESSIVE;
				GCC_WARN_UNUSED_FUNCTION = YES;
				GCC_WARN_UNUSED_VARIABLE = YES;
				IPHONEOS_DEPLOYMENT_TARGET = 13.7;
				MTL_ENABLE_DEBUG_INFO = NO;
				MTL_FAST_MATH = YES;
				SDKROOT = iphoneos;
				SWIFT_COMPILATION_MODE = wholemodule;
				SWIFT_OPTIMIZATION_LEVEL = "-O";
				VALIDATE_PRODUCT = YES;
			};
			name = Release;
		};
		F7E7484525049AC30094B750 /* Debug */ = {
			isa = XCBuildConfiguration;
			buildSettings = {
				ASSETCATALOG_COMPILER_APPICON_NAME = AppIcon;
				CODE_SIGN_STYLE = Automatic;
				INFOPLIST_FILE = tableViewApp/Info.plist;
				LD_RUNPATH_SEARCH_PATHS = (
					"$(inherited)",
					"@executable_path/Frameworks",
				);
				PRODUCT_BUNDLE_IDENTIFIER = com.kaneko.tableViewApp;
				PRODUCT_NAME = "$(TARGET_NAME)";
				SWIFT_VERSION = 5.0;
				TARGETED_DEVICE_FAMILY = "1,2";
			};
			name = Debug;
		};
		F7E7484625049AC30094B750 /* Release */ = {
			isa = XCBuildConfiguration;
			buildSettings = {
				ASSETCATALOG_COMPILER_APPICON_NAME = AppIcon;
				CODE_SIGN_STYLE = Automatic;
				INFOPLIST_FILE = tableViewApp/Info.plist;
				LD_RUNPATH_SEARCH_PATHS = (
					"$(inherited)",
					"@executable_path/Frameworks",
				);
				PRODUCT_BUNDLE_IDENTIFIER = com.kaneko.tableViewApp;
				PRODUCT_NAME = "$(TARGET_NAME)";
				SWIFT_VERSION = 5.0;
				TARGETED_DEVICE_FAMILY = "1,2";
			};
			name = Release;
		};
/* End XCBuildConfiguration section */

/* Begin XCConfigurationList section */
		F7E7482B25049ABF0094B750 /* Build configuration list for PBXProject "tableViewApp" */ = {
			isa = XCConfigurationList;
			buildConfigurations = (
				F7E7484225049AC30094B750 /* Debug */,
				F7E7484325049AC30094B750 /* Release */,
			);
			defaultConfigurationIsVisible = 0;
			defaultConfigurationName = Release;
		};
		F7E7484425049AC30094B750 /* Build configuration list for PBXNativeTarget "tableViewApp" */ = {
			isa = XCConfigurationList;
			buildConfigurations = (
				F7E7484525049AC30094B750 /* Debug */,
				F7E7484625049AC30094B750 /* Release */,
			);
			defaultConfigurationIsVisible = 0;
			defaultConfigurationName = Release;
		};
/* End XCConfigurationList section */
	};
	rootObject = F7E7482825049ABF0094B750 /* Project object */;
}
